
Microsoft Visual Studio Solution File, Format Version 12.00
# Visual Studio Version 17
VisualStudioVersion = 17.5.002.0
MinimumVisualStudioVersion = 10.0.40219.1
Project("{9A19103F-16F7-4668-BE54-9A1E7A4F7556}") = "Task1", "Task1\Task1.csproj", "{729208CC-206F-47C2-9FD4-13F055F4FD8F}"
EndProject
Project("{9A19103F-16F7-4668-BE54-9A1E7A4F7556}") = "Task2", "Task2\Task2.csproj", "{0B905E8A-03F1-4474-A7B8-91F938985B64}"
EndProject
Global
	GlobalSection(SolutionConfigurationPlatforms) = preSolution
		Debug|Any CPU = Debug|Any CPU
		Release|Any CPU = Release|Any CPU
	EndGlobalSection
	GlobalSection(ProjectConfigurationPlatforms) = postSolution
		{729208CC-206F-47C2-9FD4-13F055F4FD8F}.Debug|Any CPU.ActiveCfg = Debug|Any CPU
		{729208CC-206F-47C2-9FD4-13F055F4FD8F}.Debug|Any CPU.Build.0 = Debug|Any CPU
		{729208CC-206F-47C2-9FD4-13F055F4FD8F}.Release|Any CPU.ActiveCfg = Release|Any CPU
		{729208CC-206F-47C2-9FD4-13F055F4FD8F}.Release|Any CPU.Build.0 = Release|Any CPU
		{0B905E8A-03F1-4474-A7B8-91F938985B64}.Debug|Any CPU.ActiveCfg = Debug|Any CPU
		{0B905E8A-03F1-4474-A7B8-91F938985B64}.Debug|Any CPU.Build.0 = Debug|Any CPU
		{0B905E8A-03F1-4474-A7B8-91F938985B64}.Release|Any CPU.ActiveCfg = Release|Any CPU
		{0B905E8A-03F1-4474-A7B8-91F938985B64}.Release|Any CPU.Build.0 = Release|Any CPU
	EndGlobalSection
	GlobalSection(SolutionProperties) = preSolution
		HideSolutionNode = FALSE
	EndGlobalSection
	GlobalSection(ExtensibilityGlobals) = postSolution
		SolutionGuid = {36582877-70CC-47E0-AB68-C074216544DA}
	EndGlobalSection
EndGlobal
